
Microsoft Visual Studio Solution File, Format Version 12.00
# Visual Studio Version 16
VisualStudioVersion = 16.0.30406.217
MinimumVisualStudioVersion = 10.0.40219.1
Project("{FAE04EC0-301F-11D3-BF4B-00C04F79EFBC}") = "RGRL", "RGRL\RGRL.csproj", "{FB11032B-654C-4EF0-A1B7-9D1FD44D60E5}"
EndProject
Project("{FAE04EC0-301F-11D3-BF4B-00C04F79EFBC}") = "RGRL.UnitTest", "RGRL.UnitTest\RGRL.UnitTest.csproj", "{9DED37A7-29EE-4C98-8A79-AA4FB023C22A}"
EndProject
Global
	GlobalSection(SolutionConfigurationPlatforms) = preSolution
		Debug|Any CPU = Debug|Any CPU
		Release|Any CPU = Release|Any CPU
	EndGlobalSection
	GlobalSection(ProjectConfigurationPlatforms) = postSolution
		{FB11032B-654C-4EF0-A1B7-9D1FD44D60E5}.Debug|Any CPU.ActiveCfg = Debug|Any CPU
		{FB11032B-654C-4EF0-A1B7-9D1FD44D60E5}.Debug|Any CPU.Build.0 = Debug|Any CPU
		{FB11032B-654C-4EF0-A1B7-9D1FD44D60E5}.Release|Any CPU.ActiveCfg = Release|Any CPU
		{FB11032B-654C-4EF0-A1B7-9D1FD44D60E5}.Release|Any CPU.Build.0 = Release|Any CPU
		{9DED37A7-29EE-4C98-8A79-AA4FB023C22A}.Debug|Any CPU.ActiveCfg = Debug|Any CPU
		{9DED37A7-29EE-4C98-8A79-AA4FB023C22A}.Debug|Any CPU.Build.0 = Debug|Any CPU
		{9DED37A7-29EE-4C98-8A79-AA4FB023C22A}.Release|Any CPU.ActiveCfg = Release|Any CPU
		{9DED37A7-29EE-4C98-8A79-AA4FB023C22A}.Release|Any CPU.Build.0 = Release|Any CPU
	EndGlobalSection
	GlobalSection(SolutionProperties) = preSolution
		HideSolutionNode = FALSE
	EndGlobalSection
	GlobalSection(ExtensibilityGlobals) = postSolution
		SolutionGuid = {0C9D846C-65CC-48A9-AB6E-E647A4DC072C}
	EndGlobalSection
EndGlobal
